
Microsoft Visual Studio Solution File, Format Version 12.00
# Visual Studio Version 17
VisualStudioVersion = 17.8.34309.116
MinimumVisualStudioVersion = 10.0.40219.1
Project("{FAE04EC0-301F-11D3-BF4B-00C04F79EFBC}") = "GrpcServiceDemo", "GrpcServiceDemo\GrpcServiceDemo.csproj", "{B0A2101A-568A-4B82-9553-8047A2B9C85C}"
EndProject
Project("{FAE04EC0-301F-11D3-BF4B-00C04F79EFBC}") = "Client", "Client\Client.csproj", "{744BBF8B-E343-4664-8D66-2180B1C9C42D}"
EndProject
Global
	GlobalSection(SolutionConfigurationPlatforms) = preSolution
		Debug|Any CPU = Debug|Any CPU
		Release|Any CPU = Release|Any CPU
	EndGlobalSection
	GlobalSection(ProjectConfigurationPlatforms) = postSolution
		{B0A2101A-568A-4B82-9553-8047A2B9C85C}.Debug|Any CPU.ActiveCfg = Debug|Any CPU
		{B0A2101A-568A-4B82-9553-8047A2B9C85C}.Debug|Any CPU.Build.0 = Debug|Any CPU
		{B0A2101A-568A-4B82-9553-8047A2B9C85C}.Release|Any CPU.ActiveCfg = Release|Any CPU
		{B0A2101A-568A-4B82-9553-8047A2B9C85C}.Release|Any CPU.Build.0 = Release|Any CPU
		{744BBF8B-E343-4664-8D66-2180B1C9C42D}.Debug|Any CPU.ActiveCfg = Debug|Any CPU
		{744BBF8B-E343-4664-8D66-2180B1C9C42D}.Debug|Any CPU.Build.0 = Debug|Any CPU
		{744BBF8B-E343-4664-8D66-2180B1C9C42D}.Release|Any CPU.ActiveCfg = Release|Any CPU
		{744BBF8B-E343-4664-8D66-2180B1C9C42D}.Release|Any CPU.Build.0 = Release|Any CPU
	EndGlobalSection
	GlobalSection(SolutionProperties) = preSolution
		HideSolutionNode = FALSE
	EndGlobalSection
	GlobalSection(ExtensibilityGlobals) = postSolution
		SolutionGuid = {EC7E4451-C624-43A3-A28E-BE4172D2519A}
	EndGlobalSection
EndGlobal
